
Microsoft Visual Studio Solution File, Format Version 12.00
# Visual Studio Version 17
VisualStudioVersion = 17.10.34916.146
MinimumVisualStudioVersion = 10.0.40219.1
Project("{9A19103F-16F7-4668-BE54-9A1E7A4F7556}") = "BTCPayServer", "submodules\btcpayserver\BTCPayServer\BTCPayServer.csproj", "{B19C9F52-DC47-466D-8B5C-2D202B7B003F}"
EndProject
Project("{9A19103F-16F7-4668-BE54-9A1E7A4F7556}") = "BTCPayServer.Abstractions", "submodules\btcpayserver\BTCPayServer.Abstractions\BTCPayServer.Abstractions.csproj", "{8F158B88-0FEE-44FF-8552-7C0F17D5C508}"
EndProject
Project("{9A19103F-16F7-4668-BE54-9A1E7A4F7556}") = "BTCPayServer.Client", "submodules\btcpayserver\BTCPayServer.Client\BTCPayServer.Client.csproj", "{DF85EFA4-0EF5-4A99-853F-E6F9C88E3F8C}"
EndProject
Project("{9A19103F-16F7-4668-BE54-9A1E7A4F7556}") = "BTCPayServer.Data", "submodules\btcpayserver\BTCPayServer.Data\BTCPayServer.Data.csproj", "{2C5C4DF9-BA1F-4671-9F24-B22D7C9C3D21}"
EndProject
Project("{9A19103F-16F7-4668-BE54-9A1E7A4F7556}") = "BTCPayServer.Rating", "submodules\btcpayserver\BTCPayServer.Rating\BTCPayServer.Rating.csproj", "{D7E7309D-C4F4-496A-B2C8-BC5D3991B9C0}"
EndProject
Project("{9A19103F-16F7-4668-BE54-9A1E7A4F7556}") = "BTCPayServer.Common", "submodules\btcpayserver\BTCPayServer.Common\BTCPayServer.Common.csproj", "{3F2E0BA0-9EA7-490F-894D-F9703F35B174}"
EndProject
Project("{2150E333-8FDC-42A3-9474-1A3956D46DE8}") = "BTCPay", "BTCPay", "{9E04ECE9-E304-4FF2-9CBC-83256E6C6962}"
	ProjectSection(SolutionItems) = preProject
		submodules\btcpayserver\Build\Common.csproj = submodules\btcpayserver\Build\Common.csproj
	EndProjectSection
EndProject
Project("{9A19103F-16F7-4668-BE54-9A1E7A4F7556}") = "BTCPayServerPlugins.RockstarDev.Strike", "plugin\BTCPayServerPlugins.RockstarDev.Strike.csproj", "{9F559E83-5FAC-4C3E-9F1D-43F281C40CC9}"
EndProject
Project("{9A19103F-16F7-4668-BE54-9A1E7A4F7556}") = "ConfigBuilder", "config\ConfigBuilder.csproj", "{B6FEBD79-9691-43A3-9EFC-D0613926D1C8}"
EndProject
Project("{2150E333-8FDC-42A3-9474-1A3956D46DE8}") = "Solution Items", "Solution Items", "{58BD6688-B55C-40E3-A690-BFDCD9416480}"
	ProjectSection(SolutionItems) = preProject
		.editorconfig = .editorconfig
		LICENSE = LICENSE
		README.md = README.md
		strike_wide.png = strike_wide.png
	EndProjectSection
EndProject
Project("{FAE04EC0-301F-11D3-BF4B-00C04F79EFBC}") = "Strike.Client", "submodules\strike-client\src\Strike.Client\Strike.Client.csproj", "{E53BC33E-63C4-428E-B17B-C71E30A3F280}"
EndProject
Global
	GlobalSection(SolutionConfigurationPlatforms) = preSolution
		Altcoins-Debug|Any CPU = Altcoins-Debug|Any CPU
		Altcoins-Release|Any CPU = Altcoins-Release|Any CPU
		Debug|Any CPU = Debug|Any CPU
		Release|Any CPU = Release|Any CPU
	EndGlobalSection
	GlobalSection(ProjectConfigurationPlatforms) = postSolution
		{B19C9F52-DC47-466D-8B5C-2D202B7B003F}.Altcoins-Debug|Any CPU.ActiveCfg = Altcoins-Debug|Any CPU
		{B19C9F52-DC47-466D-8B5C-2D202B7B003F}.Altcoins-Debug|Any CPU.Build.0 = Altcoins-Debug|Any CPU
		{B19C9F52-DC47-466D-8B5C-2D202B7B003F}.Altcoins-Release|Any CPU.ActiveCfg = Altcoins-Release|Any CPU
		{B19C9F52-DC47-466D-8B5C-2D202B7B003F}.Altcoins-Release|Any CPU.Build.0 = Altcoins-Release|Any CPU
		{B19C9F52-DC47-466D-8B5C-2D202B7B003F}.Debug|Any CPU.ActiveCfg = Debug|Any CPU
		{B19C9F52-DC47-466D-8B5C-2D202B7B003F}.Debug|Any CPU.Build.0 = Debug|Any CPU
		{B19C9F52-DC47-466D-8B5C-2D202B7B003F}.Release|Any CPU.ActiveCfg = Release|Any CPU
		{B19C9F52-DC47-466D-8B5C-2D202B7B003F}.Release|Any CPU.Build.0 = Release|Any CPU
		{8F158B88-0FEE-44FF-8552-7C0F17D5C508}.Altcoins-Debug|Any CPU.ActiveCfg = Altcoins-Debug|Any CPU
		{8F158B88-0FEE-44FF-8552-7C0F17D5C508}.Altcoins-Debug|Any CPU.Build.0 = Altcoins-Debug|Any CPU
		{8F158B88-0FEE-44FF-8552-7C0F17D5C508}.Altcoins-Release|Any CPU.ActiveCfg = Altcoins-Release|Any CPU
		{8F158B88-0FEE-44FF-8552-7C0F17D5C508}.Altcoins-Release|Any CPU.Build.0 = Altcoins-Release|Any CPU
		{8F158B88-0FEE-44FF-8552-7C0F17D5C508}.Debug|Any CPU.ActiveCfg = Debug|Any CPU
		{8F158B88-0FEE-44FF-8552-7C0F17D5C508}.Debug|Any CPU.Build.0 = Debug|Any CPU
		{8F158B88-0FEE-44FF-8552-7C0F17D5C508}.Release|Any CPU.ActiveCfg = Release|Any CPU
		{8F158B88-0FEE-44FF-8552-7C0F17D5C508}.Release|Any CPU.Build.0 = Release|Any CPU
		{DF85EFA4-0EF5-4A99-853F-E6F9C88E3F8C}.Altcoins-Debug|Any CPU.ActiveCfg = Altcoins-Debug|Any CPU
		{DF85EFA4-0EF5-4A99-853F-E6F9C88E3F8C}.Altcoins-Debug|Any CPU.Build.0 = Altcoins-Debug|Any CPU
		{DF85EFA4-0EF5-4A99-853F-E6F9C88E3F8C}.Altcoins-Release|Any CPU.ActiveCfg = Altcoins-Release|Any CPU
		{DF85EFA4-0EF5-4A99-853F-E6F9C88E3F8C}.Altcoins-Release|Any CPU.Build.0 = Altcoins-Release|Any CPU
		{DF85EFA4-0EF5-4A99-853F-E6F9C88E3F8C}.Debug|Any CPU.ActiveCfg = Debug|Any CPU
		{DF85EFA4-0EF5-4A99-853F-E6F9C88E3F8C}.Debug|Any CPU.Build.0 = Debug|Any CPU
		{DF85EFA4-0EF5-4A99-853F-E6F9C88E3F8C}.Release|Any CPU.ActiveCfg = Release|Any CPU
		{DF85EFA4-0EF5-4A99-853F-E6F9C88E3F8C}.Release|Any CPU.Build.0 = Release|Any CPU
		{2C5C4DF9-BA1F-4671-9F24-B22D7C9C3D21}.Altcoins-Debug|Any CPU.ActiveCfg = Altcoins-Debug|Any CPU
		{2C5C4DF9-BA1F-4671-9F24-B22D7C9C3D21}.Altcoins-Debug|Any CPU.Build.0 = Altcoins-Debug|Any CPU
		{2C5C4DF9-BA1F-4671-9F24-B22D7C9C3D21}.Altcoins-Release|Any CPU.ActiveCfg = Altcoins-Release|Any CPU
		{2C5C4DF9-BA1F-4671-9F24-B22D7C9C3D21}.Altcoins-Release|Any CPU.Build.0 = Altcoins-Release|Any CPU
		{2C5C4DF9-BA1F-4671-9F24-B22D7C9C3D21}.Debug|Any CPU.ActiveCfg = Debug|Any CPU
		{2C5C4DF9-BA1F-4671-9F24-B22D7C9C3D21}.Debug|Any CPU.Build.0 = Debug|Any CPU
		{2C5C4DF9-BA1F-4671-9F24-B22D7C9C3D21}.Release|Any CPU.ActiveCfg = Release|Any CPU
		{2C5C4DF9-BA1F-4671-9F24-B22D7C9C3D21}.Release|Any CPU.Build.0 = Release|Any CPU
		{D7E7309D-C4F4-496A-B2C8-BC5D3991B9C0}.Altcoins-Debug|Any CPU.ActiveCfg = Altcoins-Debug|Any CPU
		{D7E7309D-C4F4-496A-B2C8-BC5D3991B9C0}.Altcoins-Debug|Any CPU.Build.0 = Altcoins-Debug|Any CPU
		{D7E7309D-C4F4-496A-B2C8-BC5D3991B9C0}.Altcoins-Release|Any CPU.ActiveCfg = Altcoins-Release|Any CPU
		{D7E7309D-C4F4-496A-B2C8-BC5D3991B9C0}.Altcoins-Release|Any CPU.Build.0 = Altcoins-Release|Any CPU
		{D7E7309D-C4F4-496A-B2C8-BC5D3991B9C0}.Debug|Any CPU.ActiveCfg = Debug|Any CPU
		{D7E7309D-C4F4-496A-B2C8-BC5D3991B9C0}.Debug|Any CPU.Build.0 = Debug|Any CPU
		{D7E7309D-C4F4-496A-B2C8-BC5D3991B9C0}.Release|Any CPU.ActiveCfg = Release|Any CPU
		{D7E7309D-C4F4-496A-B2C8-BC5D3991B9C0}.Release|Any CPU.Build.0 = Release|Any CPU
		{3F2E0BA0-9EA7-490F-894D-F9703F35B174}.Altcoins-Debug|Any CPU.ActiveCfg = Altcoins-Debug|Any CPU
		{3F2E0BA0-9EA7-490F-894D-F9703F35B174}.Altcoins-Debug|Any CPU.Build.0 = Altcoins-Debug|Any CPU
		{3F2E0BA0-9EA7-490F-894D-F9703F35B174}.Altcoins-Release|Any CPU.ActiveCfg = Altcoins-Release|Any CPU
		{3F2E0BA0-9EA7-490F-894D-F9703F35B174}.Altcoins-Release|Any CPU.Build.0 = Altcoins-Release|Any CPU
		{3F2E0BA0-9EA7-490F-894D-F9703F35B174}.Debug|Any CPU.ActiveCfg = Debug|Any CPU
		{3F2E0BA0-9EA7-490F-894D-F9703F35B174}.Debug|Any CPU.Build.0 = Debug|Any CPU
		{3F2E0BA0-9EA7-490F-894D-F9703F35B174}.Release|Any CPU.ActiveCfg = Release|Any CPU
		{3F2E0BA0-9EA7-490F-894D-F9703F35B174}.Release|Any CPU.Build.0 = Release|Any CPU
		{9F559E83-5FAC-4C3E-9F1D-43F281C40CC9}.Altcoins-Debug|Any CPU.ActiveCfg = Debug|Any CPU
		{9F559E83-5FAC-4C3E-9F1D-43F281C40CC9}.Altcoins-Debug|Any CPU.Build.0 = Debug|Any CPU
		{9F559E83-5FAC-4C3E-9F1D-43F281C40CC9}.Altcoins-Release|Any CPU.ActiveCfg = Release|Any CPU
		{9F559E83-5FAC-4C3E-9F1D-43F281C40CC9}.Altcoins-Release|Any CPU.Build.0 = Release|Any CPU
		{9F559E83-5FAC-4C3E-9F1D-43F281C40CC9}.Debug|Any CPU.ActiveCfg = Debug|Any CPU
		{9F559E83-5FAC-4C3E-9F1D-43F281C40CC9}.Debug|Any CPU.Build.0 = Debug|Any CPU
		{9F559E83-5FAC-4C3E-9F1D-43F281C40CC9}.Release|Any CPU.ActiveCfg = Release|Any CPU
		{9F559E83-5FAC-4C3E-9F1D-43F281C40CC9}.Release|Any CPU.Build.0 = Release|Any CPU
		{B6FEBD79-9691-43A3-9EFC-D0613926D1C8}.Altcoins-Debug|Any CPU.ActiveCfg = Altcoins-Debug|Any CPU
		{B6FEBD79-9691-43A3-9EFC-D0613926D1C8}.Altcoins-Debug|Any CPU.Build.0 = Altcoins-Debug|Any CPU
		{B6FEBD79-9691-43A3-9EFC-D0613926D1C8}.Altcoins-Release|Any CPU.ActiveCfg = Altcoins-Release|Any CPU
		{B6FEBD79-9691-43A3-9EFC-D0613926D1C8}.Altcoins-Release|Any CPU.Build.0 = Altcoins-Release|Any CPU
		{B6FEBD79-9691-43A3-9EFC-D0613926D1C8}.Debug|Any CPU.ActiveCfg = Debug|Any CPU
		{B6FEBD79-9691-43A3-9EFC-D0613926D1C8}.Debug|Any CPU.Build.0 = Debug|Any CPU
		{B6FEBD79-9691-43A3-9EFC-D0613926D1C8}.Release|Any CPU.ActiveCfg = Release|Any CPU
		{B6FEBD79-9691-43A3-9EFC-D0613926D1C8}.Release|Any CPU.Build.0 = Release|Any CPU
		{E53BC33E-63C4-428E-B17B-C71E30A3F280}.Altcoins-Debug|Any CPU.ActiveCfg = Debug|Any CPU
		{E53BC33E-63C4-428E-B17B-C71E30A3F280}.Altcoins-Debug|Any CPU.Build.0 = Debug|Any CPU
		{E53BC33E-63C4-428E-B17B-C71E30A3F280}.Altcoins-Release|Any CPU.ActiveCfg = Debug|Any CPU
		{E53BC33E-63C4-428E-B17B-C71E30A3F280}.Altcoins-Release|Any CPU.Build.0 = Debug|Any CPU
		{E53BC33E-63C4-428E-B17B-C71E30A3F280}.Debug|Any CPU.ActiveCfg = Debug|Any CPU
		{E53BC33E-63C4-428E-B17B-C71E30A3F280}.Debug|Any CPU.Build.0 = Debug|Any CPU
		{E53BC33E-63C4-428E-B17B-C71E30A3F280}.Release|Any CPU.ActiveCfg = Release|Any CPU
		{E53BC33E-63C4-428E-B17B-C71E30A3F280}.Release|Any CPU.Build.0 = Release|Any CPU
	EndGlobalSection
	GlobalSection(SolutionProperties) = preSolution
		HideSolutionNode = FALSE
	EndGlobalSection
	GlobalSection(NestedProjects) = preSolution
		{B19C9F52-DC47-466D-8B5C-2D202B7B003F} = {9E04ECE9-E304-4FF2-9CBC-83256E6C6962}
		{8F158B88-0FEE-44FF-8552-7C0F17D5C508} = {9E04ECE9-E304-4FF2-9CBC-83256E6C6962}
		{DF85EFA4-0EF5-4A99-853F-E6F9C88E3F8C} = {9E04ECE9-E304-4FF2-9CBC-83256E6C6962}
		{2C5C4DF9-BA1F-4671-9F24-B22D7C9C3D21} = {9E04ECE9-E304-4FF2-9CBC-83256E6C6962}
		{D7E7309D-C4F4-496A-B2C8-BC5D3991B9C0} = {9E04ECE9-E304-4FF2-9CBC-83256E6C6962}
		{3F2E0BA0-9EA7-490F-894D-F9703F35B174} = {9E04ECE9-E304-4FF2-9CBC-83256E6C6962}
	EndGlobalSection
	GlobalSection(ExtensibilityGlobals) = postSolution
		SolutionGuid = {98240FE0-DDE5-4010-A461-2E694ECB17D0}
	EndGlobalSection
EndGlobal
